// !$*UTF8*$!
{
	archiveVersion = 1;
	classes = {
	};
	objectVersion = 77;
	objects = {

/* Begin PBXBuildFile section */
		31B6AFF22E3994BD00B0C85E /* README.md in Resources */ = {isa = PBXBuildFile; fileRef = 31B6AFF12E3994B900B0C85E /* README.md */; };
		31B6AFF42E3994D400B0C85E /* LICENSE in Resources */ = {isa = PBXBuildFile; fileRef = 31B6AFF32E3994D200B0C85E /* LICENSE */; };
/* End PBXBuildFile section */

/* Begin PBXContainerItemProxy section */
		31B6AFCD2E3990F200B0C85E /* PBXContainerItemProxy */ = {
			isa = PBXContainerItemProxy;
			containerPortal = 31B6AFB22E3990F000B0C85E /* Project object */;
			proxyType = 1;
			remoteGlobalIDString = 31B6AFB92E3990F000B0C85E;
			remoteInfo = RuneTouch;
		};
		31B6AFD72E3990F200B0C85E /* PBXContainerItemProxy */ = {
			isa = PBXContainerItemProxy;
			containerPortal = 31B6AFB22E3990F000B0C85E /* Project object */;
			proxyType = 1;
			remoteGlobalIDString = 31B6AFB92E3990F000B0C85E;
			remoteInfo = RuneTouch;
		};
/* End PBXContainerItemProxy section */

/* Begin PBXFileReference section */
		31B6AFBA2E3990F000B0C85E /* RuneTouch.app */ = {isa = PBXFileReference; explicitFileType = wrapper.application; includeInIndex = 0; path = RuneTouch.app; sourceTree = BUILT_PRODUCTS_DIR; };
		31B6AFCC2E3990F200B0C85E /* RuneTouchTests.xctest */ = {isa = PBXFileReference; explicitFileType = wrapper.cfbundle; includeInIndex = 0; path = RuneTouchTests.xctest; sourceTree = BUILT_PRODUCTS_DIR; };
		31B6AFD62E3990F200B0C85E /* RuneTouchUITests.xctest */ = {isa = PBXFileReference; explicitFileType = wrapper.cfbundle; includeInIndex = 0; path = RuneTouchUITests.xctest; sourceTree = BUILT_PRODUCTS_DIR; };
		31B6AFF12E3994B900B0C85E /* README.md */ = {isa = PBXFileReference; lastKnownFileType = net.daringfireball.markdown; path = README.md; sourceTree = "<group>"; };
		31B6AFF32E3994D200B0C85E /* LICENSE */ = {isa = PBXFileReference; lastKnownFileType = text; path = LICENSE; sourceTree = "<group>"; };
/* End PBXFileReference section */

/* Begin PBXFileSystemSynchronizedRootGroup section */
		31B6AFBC2E3990F000B0C85E /* RuneTouch */ = {
			isa = PBXFileSystemSynchronizedRootGroup;
			path = RuneTouch;
			sourceTree = "<group>";
		};
		31B6AFCF2E3990F200B0C85E /* RuneTouchTests */ = {
			isa = PBXFileSystemSynchronizedRootGroup;
			path = RuneTouchTests;
			sourceTree = "<group>";
		};
		31B6AFD92E3990F200B0C85E /* RuneTouchUITests */ = {
			isa = PBXFileSystemSynchronizedRootGroup;
			path = RuneTouchUITests;
			sourceTree = "<group>";
		};
/* End PBXFileSystemSynchronizedRootGroup section */

/* Begin PBXFrameworksBuildPhase section */
		31B6AFB72E3990F000B0C85E /* Frameworks */ = {
			isa = PBXFrameworksBuildPhase;
			buildActionMask = 2147483647;
			files = (
			);
			runOnlyForDeploymentPostprocessing = 0;
		};
		31B6AFC92E3990F200B0C85E /* Frameworks */ = {
			isa = PBXFrameworksBuildPhase;
			buildActionMask = 2147483647;
			files = (
			);
			runOnlyForDeploymentPostprocessing = 0;
		};
		31B6AFD32E3990F200B0C85E /* Frameworks */ = {
			isa = PBXFrameworksBuildPhase;
			buildActionMask = 2147483647;
			files = (
			);
			runOnlyForDeploymentPostprocessing = 0;
		};
/* End PBXFrameworksBuildPhase section */

/* Begin PBXGroup section */
		31B6AFB12E3990F000B0C85E = {
			isa = PBXGroup;
			children = (
				31B6AFF32E3994D200B0C85E /* LICENSE */,
				31B6AFF12E3994B900B0C85E /* README.md */,
				31B6AFBC2E3990F000B0C85E /* RuneTouch */,
				31B6AFCF2E3990F200B0C85E /* RuneTouchTests */,
				31B6AFD92E3990F200B0C85E /* RuneTouchUITests */,
				31B6AFBB2E3990F000B0C85E /* Products */,
			);
			sourceTree = "<group>";
		};
		31B6AFBB2E3990F000B0C85E /* Products */ = {
			isa = PBXGroup;
			children = (
				31B6AFBA2E3990F000B0C85E /* RuneTouch.app */,
				31B6AFCC2E3990F200B0C85E /* RuneTouchTests.xctest */,
				31B6AFD62E3990F200B0C85E /* RuneTouchUITests.xctest */,
			);
			name = Products;
			sourceTree = "<group>";
		};
/* End PBXGroup section */

/* Begin PBXNativeTarget section */
		31B6AFB92E3990F000B0C85E /* RuneTouch */ = {
			isa = PBXNativeTarget;
			buildConfigurationList = 31B6AFE02E3990F200B0C85E /* Build configuration list for PBXNativeTarget "RuneTouch" */;
			buildPhases = (
				31B6AFB62E3990F000B0C85E /* Sources */,
				31B6AFB72E3990F000B0C85E /* Frameworks */,
				31B6AFB82E3990F000B0C85E /* Resources */,
			);
			buildRules = (
			);
			dependencies = (
			);
			fileSystemSynchronizedGroups = (
				31B6AFBC2E3990F000B0C85E /* RuneTouch */,
			);
			name = RuneTouch;
			packageProductDependencies = (
			);
			productName = RuneTouch;
			productReference = 31B6AFBA2E3990F000B0C85E /* RuneTouch.app */;
			productType = "com.apple.product-type.application";
		};
		31B6AFCB2E3990F200B0C85E /* RuneTouchTests */ = {
			isa = PBXNativeTarget;
			buildConfigurationList = 31B6AFE32E3990F200B0C85E /* Build configuration list for PBXNativeTarget "RuneTouchTests" */;
			buildPhases = (
				31B6AFC82E3990F200B0C85E /* Sources */,
				31B6AFC92E3990F200B0C85E /* Frameworks */,
				31B6AFCA2E3990F200B0C85E /* Resources */,
			);
			buildRules = (
			);
			dependencies = (
				31B6AFCE2E3990F200B0C85E /* PBXTargetDependency */,
			);
			fileSystemSynchronizedGroups = (
				31B6AFCF2E3990F200B0C85E /* RuneTouchTests */,
			);
			name = RuneTouchTests;
			packageProductDependencies = (
			);
			productName = RuneTouchTests;
			productReference = 31B6AFCC2E3990F200B0C85E /* RuneTouchTests.xctest */;
			productType = "com.apple.product-type.bundle.unit-test";
		};
		31B6AFD52E3990F200B0C85E /* RuneTouchUITests */ = {
			isa = PBXNativeTarget;
			buildConfigurationList = 31B6AFE62E3990F200B0C85E /* Build configuration list for PBXNativeTarget "RuneTouchUITests" */;
			buildPhases = (
				31B6AFD22E3990F200B0C85E /* Sources */,
				31B6AFD32E3990F200B0C85E /* Frameworks */,
				31B6AFD42E3990F200B0C85E /* Resources */,
			);
			buildRules = (
			);
			dependencies = (
				31B6AFD82E3990F200B0C85E /* PBXTargetDependency */,
			);
			fileSystemSynchronizedGroups = (
				31B6AFD92E3990F200B0C85E /* RuneTouchUITests */,
			);
			name = RuneTouchUITests;
			packageProductDependencies = (
			);
			productName = RuneTouchUITests;
			productReference = 31B6AFD62E3990F200B0C85E /* RuneTouchUITests.xctest */;
			productType = "com.apple.product-type.bundle.ui-testing";
		};
/* End PBXNativeTarget section */

/* Begin PBXProject section */
		31B6AFB22E3990F000B0C85E /* Project object */ = {
			isa = PBXProject;
			attributes = {
				BuildIndependentTargetsInParallel = 1;
				LastSwiftUpdateCheck = 1620;
				LastUpgradeCheck = 1620;
				TargetAttributes = {
					31B6AFB92E3990F000B0C85E = {
						CreatedOnToolsVersion = 16.2;
					};
					31B6AFCB2E3990F200B0C85E = {
						CreatedOnToolsVersion = 16.2;
						TestTargetID = 31B6AFB92E3990F000B0C85E;
					};
					31B6AFD52E3990F200B0C85E = {
						CreatedOnToolsVersion = 16.2;
						TestTargetID = 31B6AFB92E3990F000B0C85E;
					};
				};
			};
			buildConfigurationList = 31B6AFB52E3990F000B0C85E /* Build configuration list for PBXProject "RuneTouch" */;
			developmentRegion = en;
			hasScannedForEncodings = 0;
			knownRegions = (
				en,
				Base,
			);
			mainGroup = 31B6AFB12E3990F000B0C85E;
			minimizedProjectReferenceProxies = 1;
			preferredProjectObjectVersion = 77;
			productRefGroup = 31B6AFBB2E3990F000B0C85E /* Products */;
			projectDirPath = "";
			projectRoot = "";
			targets = (
				31B6AFB92E3990F000B0C85E /* RuneTouch */,
				31B6AFCB2E3990F200B0C85E /* RuneTouchTests */,
				31B6AFD52E3990F200B0C85E /* RuneTouchUITests */,
			);
		};
/* End PBXProject section */

/* Begin PBXResourcesBuildPhase section */
		31B6AFB82E3990F000B0C85E /* Resources */ = {
			isa = PBXResourcesBuildPhase;
			buildActionMask = 2147483647;
			files = (
				31B6AFF22E3994BD00B0C85E /* README.md in Resources */,
				31B6AFF42E3994D400B0C85E /* LICENSE in Resources */,
			);
			runOnlyForDeploymentPostprocessing = 0;
		};
		31B6AFCA2E3990F200B0C85E /* Resources */ = {
			isa = PBXResourcesBuildPhase;
			buildActionMask = 2147483647;
			files = (
			);
			runOnlyForDeploymentPostprocessing = 0;
		};
		31B6AFD42E3990F200B0C85E /* Resources */ = {
			isa = PBXResourcesBuildPhase;
			buildActionMask = 2147483647;
			files = (
			);
			runOnlyForDeploymentPostprocessing = 0;
		};
/* End PBXResourcesBuildPhase section */

/* Begin PBXSourcesBuildPhase section */
		31B6AFB62E3990F000B0C85E /* Sources */ = {
			isa = PBXSourcesBuildPhase;
			buildActionMask = 2147483647;
			files = (
			);
			runOnlyForDeploymentPostprocessing = 0;
		};
		31B6AFC82E3990F200B0C85E /* Sources */ = {
			isa = PBXSourcesBuildPhase;
			buildActionMask = 2147483647;
			files = (
			);
			runOnlyForDeploymentPostprocessing = 0;
		};
		31B6AFD22E3990F200B0C85E /* Sources */ = {
			isa = PBXSourcesBuildPhase;
			buildActionMask = 2147483647;
			files = (
			);
			runOnlyForDeploymentPostprocessing = 0;
		};
/* End PBXSourcesBuildPhase section */

/* Begin PBXTargetDependency section */
		31B6AFCE2E3990F200B0C85E /* PBXTargetDependency */ = {
			isa = PBXTargetDependency;
			target = 31B6AFB92E3990F000B0C85E /* RuneTouch */;
			targetProxy = 31B6AFCD2E3990F200B0C85E /* PBXContainerItemProxy */;
		};
		31B6AFD82E3990F200B0C85E /* PBXTargetDependency */ = {
			isa = PBXTargetDependency;
			target = 31B6AFB92E3990F000B0C85E /* RuneTouch */;
			targetProxy = 31B6AFD72E3990F200B0C85E /* PBXContainerItemProxy */;
		};
/* End PBXTargetDependency section */

/* Begin XCBuildConfiguration section */
		31B6AFDE2E3990F200B0C85E /* Debug */ = {
			isa = XCBuildConfiguration;
			buildSettings = {
				ALWAYS_SEARCH_USER_PATHS = NO;
				ASSETCATALOG_COMPILER_GENERATE_SWIFT_ASSET_SYMBOL_EXTENSIONS = YES;
				CLANG_ANALYZER_NONNULL = YES;
				CLANG_ANALYZER_NUMBER_OBJECT_CONVERSION = YES_AGGRESSIVE;
				CLANG_CXX_LANGUAGE_STANDARD = "gnu++20";
				CLANG_ENABLE_MODULES = YES;
				CLANG_ENABLE_OBJC_ARC = YES;
				CLANG_ENABLE_OBJC_WEAK = YES;
				CLANG_WARN_BLOCK_CAPTURE_AUTORELEASING = YES;
				CLANG_WARN_BOOL_CONVERSION = YES;
				CLANG_WARN_COMMA = YES;
				CLANG_WARN_CONSTANT_CONVERSION = YES;
				CLANG_WARN_DEPRECATED_OBJC_IMPLEMENTATIONS = YES;
				CLANG_WARN_DIRECT_OBJC_ISA_USAGE = YES_ERROR;
				CLANG_WARN_DOCUMENTATION_COMMENTS = YES;
				CLANG_WARN_EMPTY_BODY = YES;
				CLANG_WARN_ENUM_CONVERSION = YES;
				CLANG_WARN_INFINITE_RECURSION = YES;
				CLANG_WARN_INT_CONVERSION = YES;
				CLANG_WARN_NON_LITERAL_NULL_CONVERSION = YES;
				CLANG_WARN_OBJC_IMPLICIT_RETAIN_SELF = YES;
				CLANG_WARN_OBJC_LITERAL_CONVERSION = YES;
				CLANG_WARN_OBJC_ROOT_CLASS = YES_ERROR;
				CLANG_WARN_QUOTED_INCLUDE_IN_FRAMEWORK_HEADER = YES;
				CLANG_WARN_RANGE_LOOP_ANALYSIS = YES;
				CLANG_WARN_STRICT_PROTOTYPES = YES;
				CLANG_WARN_SUSPICIOUS_MOVE = YES;
				CLANG_WARN_UNGUARDED_AVAILABILITY = YES_AGGRESSIVE;
				CLANG_WARN_UNREACHABLE_CODE = YES;
				CLANG_WARN__DUPLICATE_METHOD_MATCH = YES;
				COPY_PHASE_STRIP = NO;
				DEBUG_INFORMATION_FORMAT = dwarf;
				ENABLE_STRICT_OBJC_MSGSEND = YES;
				ENABLE_TESTABILITY = YES;
				ENABLE_USER_SCRIPT_SANDBOXING = YES;
				GCC_C_LANGUAGE_STANDARD = gnu17;
				GCC_DYNAMIC_NO_PIC = NO;
				GCC_NO_COMMON_BLOCKS = YES;
				GCC_OPTIMIZATION_LEVEL = 0;
				GCC_PREPROCESSOR_DEFINITIONS = (
					"DEBUG=1",
					"$(inherited)",
				);
				GCC_WARN_64_TO_32_BIT_CONVERSION = YES;
				GCC_WARN_ABOUT_RETURN_TYPE = YES_ERROR;
				GCC_WARN_UNDECLARED_SELECTOR = YES;
				GCC_WARN_UNINITIALIZED_AUTOS = YES_AGGRESSIVE;
				GCC_WARN_UNUSED_FUNCTION = YES;
				GCC_WARN_UNUSED_VARIABLE = YES;
				IPHONEOS_DEPLOYMENT_TARGET = 18.2;
				LOCALIZATION_PREFERS_STRING_CATALOGS = YES;
				MTL_ENABLE_DEBUG_INFO = INCLUDE_SOURCE;
				MTL_FAST_MATH = YES;
				ONLY_ACTIVE_ARCH = YES;
				SDKROOT = iphoneos;
				SWIFT_ACTIVE_COMPILATION_CONDITIONS = "DEBUG $(inherited)";
				SWIFT_OPTIMIZATION_LEVEL = "-Onone";
			};
			name = Debug;
		};
		31B6AFDF2E3990F200B0C85E /* Release */ = {
			isa = XCBuildConfiguration;
			buildSettings = {
				ALWAYS_SEARCH_USER_PATHS = NO;
				ASSETCATALOG_COMPILER_GENERATE_SWIFT_ASSET_SYMBOL_EXTENSIONS = YES;
				CLANG_ANALYZER_NONNULL = YES;
				CLANG_ANALYZER_NUMBER_OBJECT_CONVERSION = YES_AGGRESSIVE;
				CLANG_CXX_LANGUAGE_STANDARD = "gnu++20";
				CLANG_ENABLE_MODULES = YES;
				CLANG_ENABLE_OBJC_ARC = YES;
				CLANG_ENABLE_OBJC_WEAK = YES;
				CLANG_WARN_BLOCK_CAPTURE_AUTORELEASING = YES;
				CLANG_WARN_BOOL_CONVERSION = YES;
				CLANG_WARN_COMMA = YES;
				CLANG_WARN_CONSTANT_CONVERSION = YES;
				CLANG_WARN_DEPRECATED_OBJC_IMPLEMENTATIONS = YES;
				CLANG_WARN_DIRECT_OBJC_ISA_USAGE = YES_ERROR;
				CLANG_WARN_DOCUMENTATION_COMMENTS = YES;
				CLANG_WARN_EMPTY_BODY = YES;
				CLANG_WARN_ENUM_CONVERSION = YES;
				CLANG_WARN_INFINITE_RECURSION = YES;
				CLANG_WARN_INT_CONVERSION = YES;
				CLANG_WARN_NON_LITERAL_NULL_CONVERSION = YES;
				CLANG_WARN_OBJC_IMPLICIT_RETAIN_SELF = YES;
				CLANG_WARN_OBJC_LITERAL_CONVERSION = YES;
				CLANG_WARN_OBJC_ROOT_CLASS = YES_ERROR;
				CLANG_WARN_QUOTED_INCLUDE_IN_FRAMEWORK_HEADER = YES;
				CLANG_WARN_RANGE_LOOP_ANALYSIS = YES;
				CLANG_WARN_STRICT_PROTOTYPES = YES;
				CLANG_WARN_SUSPICIOUS_MOVE = YES;
				CLANG_WARN_UNGUARDED_AVAILABILITY = YES_AGGRESSIVE;
				CLANG_WARN_UNREACHABLE_CODE = YES;
				CLANG_WARN__DUPLICATE_METHOD_MATCH = YES;
				COPY_PHASE_STRIP = NO;
				DEBUG_INFORMATION_FORMAT = "dwarf-with-dsym";
				ENABLE_NS_ASSERTIONS = NO;
				ENABLE_STRICT_OBJC_MSGSEND = YES;
				ENABLE_USER_SCRIPT_SANDBOXING = YES;
				GCC_C_LANGUAGE_STANDARD = gnu17;
				GCC_NO_COMMON_BLOCKS = YES;
				GCC_WARN_64_TO_32_BIT_CONVERSION = YES;
				GCC_WARN_ABOUT_RETURN_TYPE = YES_ERROR;
				GCC_WARN_UNDECLARED_SELECTOR = YES;
				GCC_WARN_UNINITIALIZED_AUTOS = YES_AGGRESSIVE;
				GCC_WARN_UNUSED_FUNCTION = YES;
				GCC_WARN_UNUSED_VARIABLE = YES;
				IPHONEOS_DEPLOYMENT_TARGET = 18.2;
				LOCALIZATION_PREFERS_STRING_CATALOGS = YES;
				MTL_ENABLE_DEBUG_INFO = NO;
				MTL_FAST_MATH = YES;
				SDKROOT = iphoneos;
				SWIFT_COMPILATION_MODE = wholemodule;
				VALIDATE_PRODUCT = YES;
			};
			name = Release;
		};
		31B6AFE12E3990F200B0C85E /* Debug */ = {
			isa = XCBuildConfiguration;
			buildSettings = {
				ASSETCATALOG_COMPILER_APPICON_NAME = AppIcon;
				ASSETCATALOG_COMPILER_GLOBAL_ACCENT_COLOR_NAME = AccentColor;
				CODE_SIGN_STYLE = Automatic;
				CURRENT_PROJECT_VERSION = 1;
				DEVELOPMENT_ASSET_PATHS = "\"RuneTouch/Preview Content\"";
				DEVELOPMENT_TEAM = Z2T6GYD688;
				ENABLE_PREVIEWS = YES;
				GENERATE_INFOPLIST_FILE = YES;
				INFOPLIST_KEY_LSApplicationCategoryType = "public.app-category.arcade-games";
				INFOPLIST_KEY_UIApplicationSceneManifest_Generation = YES;
				INFOPLIST_KEY_UIApplicationSupportsIndirectInputEvents = YES;
				INFOPLIST_KEY_UILaunchScreen_Generation = YES;
				INFOPLIST_KEY_UISupportedInterfaceOrientations = UIInterfaceOrientationPortrait;
				INFOPLIST_KEY_UISupportedInterfaceOrientations_iPad = "UIInterfaceOrientationLandscapeLeft UIInterfaceOrientationLandscapeRight UIInterfaceOrientationPortrait UIInterfaceOrientationPortraitUpsideDown";
				LD_RUNPATH_SEARCH_PATHS = (
					"$(inherited)",
					"@executable_path/Frameworks",
				);
				MARKETING_VERSION = 1.0;
				PRODUCT_BUNDLE_IDENTIFIER = app.thejb.RuneTouch;
				PRODUCT_NAME = "$(TARGET_NAME)";
				SWIFT_EMIT_LOC_STRINGS = YES;
				SWIFT_VERSION = 5.0;
				TARGETED_DEVICE_FAMILY = "1,2";
			};
			name = Debug;
		};
		31B6AFE22E3990F200B0C85E /* Release */ = {
			isa = XCBuildConfiguration;
			buildSettings = {
				ASSETCATALOG_COMPILER_APPICON_NAME = AppIcon;
				ASSETCATALOG_COMPILER_GLOBAL_ACCENT_COLOR_NAME = AccentColor;
				CODE_SIGN_STYLE = Automatic;
				CURRENT_PROJECT_VERSION = 1;
				DEVELOPMENT_ASSET_PATHS = "\"RuneTouch/Preview Content\"";
				DEVELOPMENT_TEAM = Z2T6GYD688;
				ENABLE_PREVIEWS = YES;
				GENERATE_INFOPLIST_FILE = YES;
				INFOPLIST_KEY_LSApplicationCategoryType = "public.app-category.arcade-games";
				INFOPLIST_KEY_UIApplicationSceneManifest_Generation = YES;
				INFOPLIST_KEY_UIApplicationSupportsIndirectInputEvents = YES;
				INFOPLIST_KEY_UILaunchScreen_Generation = YES;
				INFOPLIST_KEY_UISupportedInterfaceOrientations = UIInterfaceOrientationPortrait;
				INFOPLIST_KEY_UISupportedInterfaceOrientations_iPad = "UIInterfaceOrientationLandscapeLeft UIInterfaceOrientationLandscapeRight UIInterfaceOrientationPortrait UIInterfaceOrientationPortraitUpsideDown";
				LD_RUNPATH_SEARCH_PATHS = (
					"$(inherited)",
					"@executable_path/Frameworks",
				);
				MARKETING_VERSION = 1.0;
				PRODUCT_BUNDLE_IDENTIFIER = app.thejb.RuneTouch;
				PRODUCT_NAME = "$(TARGET_NAME)";
				SWIFT_EMIT_LOC_STRINGS = YES;
				SWIFT_VERSION = 5.0;
				TARGETED_DEVICE_FAMILY = "1,2";
			};
			name = Release;
		};
		31B6AFE42E3990F200B0C85E /* Debug */ = {
			isa = XCBuildConfiguration;
			buildSettings = {
				BUNDLE_LOADER = "$(TEST_HOST)";
				CODE_SIGN_STYLE = Automatic;
				CURRENT_PROJECT_VERSION = 1;
				DEVELOPMENT_TEAM = Z2T6GYD688;
				GENERATE_INFOPLIST_FILE = YES;
				IPHONEOS_DEPLOYMENT_TARGET = 18.2;
				MARKETING_VERSION = 1.0;
				PRODUCT_BUNDLE_IDENTIFIER = app.thejb.RuneTouchTests;
				PRODUCT_NAME = "$(TARGET_NAME)";
				SWIFT_EMIT_LOC_STRINGS = NO;
				SWIFT_VERSION = 5.0;
				TARGETED_DEVICE_FAMILY = "1,2";
				TEST_HOST = "$(BUILT_PRODUCTS_DIR)/RuneTouch.app/$(BUNDLE_EXECUTABLE_FOLDER_PATH)/RuneTouch";
			};
			name = Debug;
		};
		31B6AFE52E3990F200B0C85E /* Release */ = {
			isa = XCBuildConfiguration;
			buildSettings = {
				BUNDLE_LOADER = "$(TEST_HOST)";
				CODE_SIGN_STYLE = Automatic;
				CURRENT_PROJECT_VERSION = 1;
				DEVELOPMENT_TEAM = Z2T6GYD688;
				GENERATE_INFOPLIST_FILE = YES;
				IPHONEOS_DEPLOYMENT_TARGET = 18.2;
				MARKETING_VERSION = 1.0;
				PRODUCT_BUNDLE_IDENTIFIER = app.thejb.RuneTouchTests;
				PRODUCT_NAME = "$(TARGET_NAME)";
				SWIFT_EMIT_LOC_STRINGS = NO;
				SWIFT_VERSION = 5.0;
				TARGETED_DEVICE_FAMILY = "1,2";
				TEST_HOST = "$(BUILT_PRODUCTS_DIR)/RuneTouch.app/$(BUNDLE_EXECUTABLE_FOLDER_PATH)/RuneTouch";
			};
			name = Release;
		};
		31B6AFE72E3990F200B0C85E /* Debug */ = {
			isa = XCBuildConfiguration;
			buildSettings = {
				CODE_SIGN_STYLE = Automatic;
				CURRENT_PROJECT_VERSION = 1;
				DEVELOPMENT_TEAM = Z2T6GYD688;
				GENERATE_INFOPLIST_FILE = YES;
				MARKETING_VERSION = 1.0;
				PRODUCT_BUNDLE_IDENTIFIER = app.thejb.RuneTouchUITests;
				PRODUCT_NAME = "$(TARGET_NAME)";
				SWIFT_EMIT_LOC_STRINGS = NO;
				SWIFT_VERSION = 5.0;
				TARGETED_DEVICE_FAMILY = "1,2";
				TEST_TARGET_NAME = RuneTouch;
			};
			name = Debug;
		};
		31B6AFE82E3990F200B0C85E /* Release */ = {
			isa = XCBuildConfiguration;
			buildSettings = {
				CODE_SIGN_STYLE = Automatic;
				CURRENT_PROJECT_VERSION = 1;
				DEVELOPMENT_TEAM = Z2T6GYD688;
				GENERATE_INFOPLIST_FILE = YES;
				MARKETING_VERSION = 1.0;
				PRODUCT_BUNDLE_IDENTIFIER = app.thejb.RuneTouchUITests;
				PRODUCT_NAME = "$(TARGET_NAME)";
				SWIFT_EMIT_LOC_STRINGS = NO;
				SWIFT_VERSION = 5.0;
				TARGETED_DEVICE_FAMILY = "1,2";
				TEST_TARGET_NAME = RuneTouch;
			};
			name = Release;
		};
/* End XCBuildConfiguration section */

/* Begin XCConfigurationList section */
		31B6AFB52E3990F000B0C85E /* Build configuration list for PBXProject "RuneTouch" */ = {
			isa = XCConfigurationList;
			buildConfigurations = (
				31B6AFDE2E3990F200B0C85E /* Debug */,
				31B6AFDF2E3990F200B0C85E /* Release */,
			);
			defaultConfigurationIsVisible = 0;
			defaultConfigurationName = Release;
		};
		31B6AFE02E3990F200B0C85E /* Build configuration list for PBXNativeTarget "RuneTouch" */ = {
			isa = XCConfigurationList;
			buildConfigurations = (
				31B6AFE12E3990F200B0C85E /* Debug */,
				31B6AFE22E3990F200B0C85E /* Release */,
			);
			defaultConfigurationIsVisible = 0;
			defaultConfigurationName = Release;
		};
		31B6AFE32E3990F200B0C85E /* Build configuration list for PBXNativeTarget "RuneTouchTests" */ = {
			isa = XCConfigurationList;
			buildConfigurations = (
				31B6AFE42E3990F200B0C85E /* Debug */,
				31B6AFE52E3990F200B0C85E /* Release */,
			);
			defaultConfigurationIsVisible = 0;
			defaultConfigurationName = Release;
		};
		31B6AFE62E3990F200B0C85E /* Build configuration list for PBXNativeTarget "RuneTouchUITests" */ = {
			isa = XCConfigurationList;
			buildConfigurations = (
				31B6AFE72E3990F200B0C85E /* Debug */,
				31B6AFE82E3990F200B0C85E /* Release */,
			);
			defaultConfigurationIsVisible = 0;
			defaultConfigurationName = Release;
		};
/* End XCConfigurationList section */
	};
	rootObject = 31B6AFB22E3990F000B0C85E /* Project object */;
}
